
Microsoft Visual Studio Solution File, Format Version 12.00
# Visual Studio 15
VisualStudioVersion = 15.0.26228.9
MinimumVisualStudioVersion = 10.0.40219.1
Project("{FAE04EC0-301F-11D3-BF4B-00C04F79EFBC}") = "Reverse string", "reverse string\Reverse string.csproj", "{C2772BF7-75E0-494E-805D-30A4B27DC24F}"
EndProject
Project("{FAE04EC0-301F-11D3-BF4B-00C04F79EFBC}") = "Tax", "tax\Tax.csproj", "{99318BB9-A614-4812-8E0C-0EEE7F8B4E24}"
EndProject
Global
	GlobalSection(SolutionConfigurationPlatforms) = preSolution
		Debug|Any CPU = Debug|Any CPU
		Release|Any CPU = Release|Any CPU
	EndGlobalSection
	GlobalSection(ProjectConfigurationPlatforms) = postSolution
		{C2772BF7-75E0-494E-805D-30A4B27DC24F}.Debug|Any CPU.ActiveCfg = Debug|Any CPU
		{C2772BF7-75E0-494E-805D-30A4B27DC24F}.Debug|Any CPU.Build.0 = Debug|Any CPU
		{C2772BF7-75E0-494E-805D-30A4B27DC24F}.Release|Any CPU.ActiveCfg = Release|Any CPU
		{C2772BF7-75E0-494E-805D-30A4B27DC24F}.Release|Any CPU.Build.0 = Release|Any CPU
		{99318BB9-A614-4812-8E0C-0EEE7F8B4E24}.Debug|Any CPU.ActiveCfg = Debug|Any CPU
		{99318BB9-A614-4812-8E0C-0EEE7F8B4E24}.Debug|Any CPU.Build.0 = Debug|Any CPU
		{99318BB9-A614-4812-8E0C-0EEE7F8B4E24}.Release|Any CPU.ActiveCfg = Release|Any CPU
		{99318BB9-A614-4812-8E0C-0EEE7F8B4E24}.Release|Any CPU.Build.0 = Release|Any CPU
	EndGlobalSection
	GlobalSection(SolutionProperties) = preSolution
		HideSolutionNode = FALSE
	EndGlobalSection
EndGlobal
